
Microsoft Visual Studio Solution File, Format Version 12.00
# Visual Studio Version 16
VisualStudioVersion = 16.0.31515.178
MinimumVisualStudioVersion = 10.0.40219.1
Project("{FAE04EC0-301F-11D3-BF4B-00C04F79EFBC}") = "CS.ToastNotify", "CS.ToastNotify\CS.ToastNotify.csproj", "{22A0BD74-8857-43E8-BBD9-7BC3C165E555}"
EndProject
Global
	GlobalSection(SolutionConfigurationPlatforms) = preSolution
		Debug|Any CPU = Debug|Any CPU
		Release|Any CPU = Release|Any CPU
	EndGlobalSection
	GlobalSection(ProjectConfigurationPlatforms) = postSolution
		{22A0BD74-8857-43E8-BBD9-7BC3C165E555}.Debug|Any CPU.ActiveCfg = Debug|Any CPU
		{22A0BD74-8857-43E8-BBD9-7BC3C165E555}.Debug|Any CPU.Build.0 = Debug|Any CPU
		{22A0BD74-8857-43E8-BBD9-7BC3C165E555}.Release|Any CPU.ActiveCfg = Release|Any CPU
		{22A0BD74-8857-43E8-BBD9-7BC3C165E555}.Release|Any CPU.Build.0 = Release|Any CPU
	EndGlobalSection
	GlobalSection(SolutionProperties) = preSolution
		HideSolutionNode = FALSE
	EndGlobalSection
	GlobalSection(ExtensibilityGlobals) = postSolution
		SolutionGuid = {4F302955-7BC4-4E6A-8677-97CC77BD8D80}
	EndGlobalSection
EndGlobal
